{
  "name": "@useweb/animate",
  "version": "1.1.2",
  "lockfileVersion": 2,
  "requires": true,
  "packages": {
    "": {
      "name": "@useweb/animate",
      "version": "1.1.2",
      "devDependencies": {
        "@useweb/compiler": "2.0.0",
        "@useweb/on-swipe": "^1.0.0"
      },
      "peerDependencies": {
        "react": "^18.0.0"
      }
    },
    "node_modules/@useweb/on-swipe": {
      "version": "1.1.0",
      "resolved": "https://registry.npmjs.org/@useweb/on-swipe/-/on-swipe-1.1.0.tgz",
      "integrity": "sha512-4wvnN7SaGlybhI2ntYL+E/blMEJ2hiDwSxJZdU3WNQLt9c7G88+VDN6YLdloiIPC4Vsaowzvx9zNseip8QmlNg==",
      "dev": true,
      "peerDependencies": {
        "react": "^17.0.0"
      }
    }
  },
  "dependencies": {
    "@useweb/on-swipe": {
      "version": "1.1.0",
      "resolved": "https://registry.npmjs.org/@useweb/on-swipe/-/on-swipe-1.1.0.tgz",
      "integrity": "sha512-4wvnN7SaGlybhI2ntYL+E/blMEJ2hiDwSxJZdU3WNQLt9c7G88+VDN6YLdloiIPC4Vsaowzvx9zNseip8QmlNg==",
      "dev": true
    }
  }
}
