{
  "name": "@useweb/prevent-body-scroll",
  "version": "1.1.0",
  "lockfileVersion": 2,
  "requires": true,
  "packages": {
    "": {
      "name": "@useweb/prevent-body-scroll",
      "version": "1.1.0",
      "dependencies": {
        "@useweb/dom": "^1.0.0"
      },
      "devDependencies": {
        "@useweb/compiler": "2.0.0"
      },
      "peerDependencies": {
        "react": "^18.0.0"
      }
    },
    "node_modules/@useweb/dom": {
      "version": "1.1.0",
      "resolved": "https://registry.npmjs.org/@useweb/dom/-/dom-1.1.0.tgz",
      "integrity": "sha512-EfbE4S2Eeah/dsnIU0Ctg0ini4xNTvapYCWLoIPTNQCwrVwGd7H71d5SEnGzseLRQCSWJ6WgR4mPFd2311wRLA==",
      "peerDependencies": {
        "react": "^17.0.0"
      }
    }
  },
  "dependencies": {
    "@useweb/dom": {
      "version": "1.1.0",
      "resolved": "https://registry.npmjs.org/@useweb/dom/-/dom-1.1.0.tgz",
      "integrity": "sha512-EfbE4S2Eeah/dsnIU0Ctg0ini4xNTvapYCWLoIPTNQCwrVwGd7H71d5SEnGzseLRQCSWJ6WgR4mPFd2311wRLA=="
    }
  }
}
