{
  "name": "@useweb/use-key-press",
  "version": "1.1.0",
  "lockfileVersion": 2,
  "requires": true,
  "packages": {
    "": {
      "name": "@useweb/use-key-press",
      "version": "1.1.0",
      "devDependencies": {
        "@useweb/compiler": "2.0.0"
      },
      "peerDependencies": {
        "react": "^18.0.0"
      }
    }
  }
}
