{
  "name": "@useweb/style-system",
  "version": "0.2.0",
  "lockfileVersion": 2,
  "requires": true,
  "packages": {
    "": {
      "name": "@useweb/style-system",
      "version": "0.2.0",
      "devDependencies": {
        "@useweb/compiler": "2.0.0",
        "@useweb/decamelize": "^0.1.1",
        "@useweb/remove-duplicates-from-array": "^0.1.1"
      },
      "peerDependencies": {
        "@useweb/decamelize": "^0.1.1",
        "@useweb/remove-duplicates-from-array": "^0.1.1",
        "react": "^18.0.0"
      }
    },
    "node_modules/@useweb/decamelize": {
      "version": "0.1.1",
      "resolved": "https://registry.npmjs.org/@useweb/decamelize/-/decamelize-0.1.1.tgz",
      "integrity": "sha512-ZROs5vr3l2GjIiybTHn503OkY7EF37mUbQl4oPCQHfWS5u9jJx9GZTSK6qbj1rLvA6vmcAIiDCESFmB/BsYRbQ==",
      "dev": true,
      "peerDependencies": {
        "react": "^17.0.0"
      }
    },
    "node_modules/@useweb/remove-duplicates-from-array": {
      "version": "0.1.1",
      "resolved": "https://registry.npmjs.org/@useweb/remove-duplicates-from-array/-/remove-duplicates-from-array-0.1.1.tgz",
      "integrity": "sha512-8/2td5J1WQi+bDhfPpzPLQ2TjVfE8AnLlNOYK0zm1117v2IVQY17nn/QGNP7ODQKoKl5bQFXOycrKePrT6zYsA==",
      "dev": true,
      "peerDependencies": {
        "react": "^17.0.0"
      }
    }
  },
  "dependencies": {
    "@useweb/decamelize": {
      "version": "0.1.1",
      "resolved": "https://registry.npmjs.org/@useweb/decamelize/-/decamelize-0.1.1.tgz",
      "integrity": "sha512-ZROs5vr3l2GjIiybTHn503OkY7EF37mUbQl4oPCQHfWS5u9jJx9GZTSK6qbj1rLvA6vmcAIiDCESFmB/BsYRbQ==",
      "dev": true
    },
    "@useweb/remove-duplicates-from-array": {
      "version": "0.1.1",
      "resolved": "https://registry.npmjs.org/@useweb/remove-duplicates-from-array/-/remove-duplicates-from-array-0.1.1.tgz",
      "integrity": "sha512-8/2td5J1WQi+bDhfPpzPLQ2TjVfE8AnLlNOYK0zm1117v2IVQY17nn/QGNP7ODQKoKl5bQFXOycrKePrT6zYsA==",
      "dev": true
    }
  }
}
