{
  "name": "@useweb/overlay",
  "version": "1.0.5",
  "lockfileVersion": 2,
  "requires": true,
  "packages": {
    "": {
      "name": "@useweb/overlay",
      "version": "1.0.5",
      "devDependencies": {
        "@useweb/animate": "^1.0.3",
        "@useweb/box": "^1.1.0",
        "@useweb/compiler": "2.0.0",
        "@useweb/prevent-body-scroll": "^1.0.0",
        "@useweb/use-event-listener": "^1.0.0"
      },
      "peerDependencies": {
        "@useweb/animate": "^1.0.3",
        "@useweb/box": "^1.1.0",
        "@useweb/prevent-body-scroll": "^1.0.0",
        "@useweb/use-event-listener": "^1.0.0",
        "react": "^18.0.0"
      }
    },
    "node_modules/@useweb/animate": {
      "version": "1.1.2",
      "resolved": "https://registry.npmjs.org/@useweb/animate/-/animate-1.1.2.tgz",
      "integrity": "sha512-9bbduN65qUlz3Eg1svVDu9ZXTOh9Z7W5gF2iWKPqmU0DSNM9g6RXbFGg6B0BO3egt6++5Lg0MuEvLFqBRhKdmA==",
      "dev": true,
      "peerDependencies": {
        "react": "^17.0.0"
      }
    },
    "node_modules/@useweb/box": {
      "version": "1.3.0",
      "resolved": "https://registry.npmjs.org/@useweb/box/-/box-1.3.0.tgz",
      "integrity": "sha512-themPHLIMrMcj11XqooBtYMZ3bkGDrLLFl79RO3b1V9+au8TdfXl0aoaRoL7PoAtbbXEY0QcQkumVm1hUyDPQQ==",
      "dev": true,
      "peerDependencies": {
        "@useweb/style-system": "^0.1.3",
        "react": "^17.0.0",
        "styled-components": "^5.3.3"
      }
    },
    "node_modules/@useweb/dom": {
      "version": "1.1.0",
      "resolved": "https://registry.npmjs.org/@useweb/dom/-/dom-1.1.0.tgz",
      "integrity": "sha512-EfbE4S2Eeah/dsnIU0Ctg0ini4xNTvapYCWLoIPTNQCwrVwGd7H71d5SEnGzseLRQCSWJ6WgR4mPFd2311wRLA==",
      "dev": true,
      "peerDependencies": {
        "react": "^17.0.0"
      }
    },
    "node_modules/@useweb/prevent-body-scroll": {
      "version": "1.1.0",
      "resolved": "https://registry.npmjs.org/@useweb/prevent-body-scroll/-/prevent-body-scroll-1.1.0.tgz",
      "integrity": "sha512-TcjsWf1p5sQiiHdz6ZAT8MjeIumkgdJCS1g6r55nMVa31dwtIPL8H0FHDXvgvJffoHauTgj7GIVAoEEhVgFSZA==",
      "dev": true,
      "dependencies": {
        "@useweb/dom": "^1.0.0"
      },
      "peerDependencies": {
        "react": "^17.0.0"
      }
    },
    "node_modules/@useweb/use-event-listener": {
      "version": "1.0.0",
      "resolved": "https://registry.npmjs.org/@useweb/use-event-listener/-/use-event-listener-1.0.0.tgz",
      "integrity": "sha512-dete0lliKWWOrYCkfnaM3yH1S5zPw9cZ6Nf9sxW28beSmcvBhOrO35VlT4aYmhM/V/Bsg2ROCF1WXEMnUC9LWg==",
      "dev": true,
      "peerDependencies": {
        "react": "^18.0.0"
      }
    }
  },
  "dependencies": {
    "@useweb/animate": {
      "version": "1.1.2",
      "resolved": "https://registry.npmjs.org/@useweb/animate/-/animate-1.1.2.tgz",
      "integrity": "sha512-9bbduN65qUlz3Eg1svVDu9ZXTOh9Z7W5gF2iWKPqmU0DSNM9g6RXbFGg6B0BO3egt6++5Lg0MuEvLFqBRhKdmA==",
      "dev": true
    },
    "@useweb/box": {
      "version": "1.3.0",
      "resolved": "https://registry.npmjs.org/@useweb/box/-/box-1.3.0.tgz",
      "integrity": "sha512-themPHLIMrMcj11XqooBtYMZ3bkGDrLLFl79RO3b1V9+au8TdfXl0aoaRoL7PoAtbbXEY0QcQkumVm1hUyDPQQ==",
      "dev": true
    },
    "@useweb/dom": {
      "version": "1.1.0",
      "resolved": "https://registry.npmjs.org/@useweb/dom/-/dom-1.1.0.tgz",
      "integrity": "sha512-EfbE4S2Eeah/dsnIU0Ctg0ini4xNTvapYCWLoIPTNQCwrVwGd7H71d5SEnGzseLRQCSWJ6WgR4mPFd2311wRLA==",
      "dev": true
    },
    "@useweb/prevent-body-scroll": {
      "version": "1.1.0",
      "resolved": "https://registry.npmjs.org/@useweb/prevent-body-scroll/-/prevent-body-scroll-1.1.0.tgz",
      "integrity": "sha512-TcjsWf1p5sQiiHdz6ZAT8MjeIumkgdJCS1g6r55nMVa31dwtIPL8H0FHDXvgvJffoHauTgj7GIVAoEEhVgFSZA==",
      "dev": true,
      "requires": {
        "@useweb/dom": "^1.0.0"
      }
    },
    "@useweb/use-event-listener": {
      "version": "1.0.0",
      "resolved": "https://registry.npmjs.org/@useweb/use-event-listener/-/use-event-listener-1.0.0.tgz",
      "integrity": "sha512-dete0lliKWWOrYCkfnaM3yH1S5zPw9cZ6Nf9sxW28beSmcvBhOrO35VlT4aYmhM/V/Bsg2ROCF1WXEMnUC9LWg==",
      "dev": true
    }
  }
}
