{
  "name": "@useweb/overlay",
  "version": "1.0.0",
  "lockfileVersion": 1,
  "requires": true,
  "dependencies": {
    "@useweb/animate": {
      "version": "1.0.0",
      "resolved": "https://registry.npmjs.org/@useweb/animate/-/animate-1.0.0.tgz",
      "integrity": "sha512-IkSwjcIQXZua44f9W6j5f9UOHbEBX8tT9WN0Xe7g39CRM0bcFMbi8AoVuIConzsBAGW4UDc6yTNc18D9VK3myQ=="
    },
    "@useweb/box": {
      "version": "1.1.0",
      "resolved": "https://registry.npmjs.org/@useweb/box/-/box-1.1.0.tgz",
      "integrity": "sha512-rAK8aPf0KRoBgHp2cOOc1tPHBeapY47rEvEAoOOaf2Td+3wuYT/gTN9ccnVviNsmoQOGF88EsUq9Xp6J90YSsQ=="
    },
    "@useweb/dom": {
      "version": "1.0.0",
      "resolved": "https://registry.npmjs.org/@useweb/dom/-/dom-1.0.0.tgz",
      "integrity": "sha512-EVRBizHv8QAxpa4H5Hm3EKSwptLuBMXe5MFUPWnCXUFvaxV3bpaKaaeFjIifZCPk4TS2MDlq00VmEZbevR/eKw=="
    },
    "@useweb/prevent-body-scroll": {
      "version": "1.0.0",
      "resolved": "https://registry.npmjs.org/@useweb/prevent-body-scroll/-/prevent-body-scroll-1.0.0.tgz",
      "integrity": "sha512-dJkpvCmFcETkzpPPjye2tp27b7TKL2MEZsAVs56gDlUlA6dgQW+7M7n9a1OajiBqQ0GNkH2kShmoOPoRUCUiiA==",
      "requires": {
        "@useweb/dom": "^1.0.0"
      }
    }
  }
}
