{
  "name": "@useweb/use-install-prompt",
  "version": "1.2.1",
  "lockfileVersion": 2,
  "requires": true,
  "packages": {
    "": {
      "name": "@useweb/use-install-prompt",
      "version": "1.2.1",
      "devDependencies": {
        "@useweb/compiler": "2.0.0",
        "@useweb/use-event-listener": "^1.0.0"
      },
      "peerDependencies": {
        "react": "^18.0.0"
      }
    },
    "node_modules/@useweb/use-event-listener": {
      "version": "1.0.0",
      "resolved": "https://registry.npmjs.org/@useweb/use-event-listener/-/use-event-listener-1.0.0.tgz",
      "integrity": "sha512-dete0lliKWWOrYCkfnaM3yH1S5zPw9cZ6Nf9sxW28beSmcvBhOrO35VlT4aYmhM/V/Bsg2ROCF1WXEMnUC9LWg==",
      "dev": true,
      "peerDependencies": {
        "react": "^18.0.0"
      }
    }
  },
  "dependencies": {
    "@useweb/use-event-listener": {
      "version": "1.0.0",
      "resolved": "https://registry.npmjs.org/@useweb/use-event-listener/-/use-event-listener-1.0.0.tgz",
      "integrity": "sha512-dete0lliKWWOrYCkfnaM3yH1S5zPw9cZ6Nf9sxW28beSmcvBhOrO35VlT4aYmhM/V/Bsg2ROCF1WXEMnUC9LWg==",
      "dev": true
    }
  }
}
