{
  "name": "@useweb/use-data",
  "version": "8.5.0",
  "lockfileVersion": 2,
  "requires": true,
  "packages": {
    "": {
      "name": "@useweb/use-data",
      "version": "8.5.0",
      "dependencies": {
        "@useweb/array-db": "^0.4.0"
      },
      "devDependencies": {
        "@useweb/compiler": "2.0.0",
        "@useweb/use-async": "^3.1.0",
        "@useweb/use-local-storage": "^2.0.0",
        "swr": "^1.1.2",
        "ts-toolbelt": "^9.6.0"
      },
      "peerDependencies": {
        "react": "^18.0.0"
      }
    },
    "node_modules/@useweb/array-db": {
      "version": "0.4.0",
      "resolved": "https://registry.npmjs.org/@useweb/array-db/-/array-db-0.4.0.tgz",
      "integrity": "sha512-MgEc1aNCn7Q1YNAp9Za2PFKJLeamtnXkbkYTrnvZmf5/fqmOihgkIUFcRqDBzgz5B4dDgKThXO/k4S/ihSNAQw=="
    },
    "node_modules/@useweb/use-async": {
      "version": "3.2.0",
      "resolved": "https://registry.npmjs.org/@useweb/use-async/-/use-async-3.2.0.tgz",
      "integrity": "sha512-q+nqwJsh/FKBUMDBdwHCkGfbK5Iy86tj4pgsy7J0FZMDKGSU5EubBh00XpDSwT0FnUjfjIUDURYobgq6vFuF1A==",
      "dev": true,
      "peerDependencies": {
        "react": "^18.0.0"
      }
    },
    "node_modules/@useweb/use-local-storage": {
      "version": "2.0.0",
      "resolved": "https://registry.npmjs.org/@useweb/use-local-storage/-/use-local-storage-2.0.0.tgz",
      "integrity": "sha512-LifhwTySMg6APXpvlJ3s0Z2WjXC9Xf4W+FJ7QYzQZYOzWurmBK50KtKhJcmMtkBwjHwY36yLml5fh4u24Q0lvw==",
      "dev": true,
      "peerDependencies": {
        "react": "^18.0.0",
        "swr": "^1.1.0"
      }
    },
    "node_modules/swr": {
      "version": "1.3.0",
      "resolved": "https://registry.npmjs.org/swr/-/swr-1.3.0.tgz",
      "integrity": "sha512-dkghQrOl2ORX9HYrMDtPa7LTVHJjCTeZoB1dqTbnnEDlSvN8JEKpYIYurDfvbQFUUS8Cg8PceFVZNkW0KNNYPw==",
      "dev": true,
      "peerDependencies": {
        "react": "^16.11.0 || ^17.0.0 || ^18.0.0"
      }
    },
    "node_modules/ts-toolbelt": {
      "version": "9.6.0",
      "resolved": "https://registry.npmjs.org/ts-toolbelt/-/ts-toolbelt-9.6.0.tgz",
      "integrity": "sha512-nsZd8ZeNUzukXPlJmTBwUAuABDe/9qtVDelJeT/qW0ow3ZS3BsQJtNkan1802aM9Uf68/Y8ljw86Hu0h5IUW3w==",
      "dev": true
    }
  },
  "dependencies": {
    "@useweb/array-db": {
      "version": "0.4.0",
      "resolved": "https://registry.npmjs.org/@useweb/array-db/-/array-db-0.4.0.tgz",
      "integrity": "sha512-MgEc1aNCn7Q1YNAp9Za2PFKJLeamtnXkbkYTrnvZmf5/fqmOihgkIUFcRqDBzgz5B4dDgKThXO/k4S/ihSNAQw=="
    },
    "@useweb/use-async": {
      "version": "3.2.0",
      "resolved": "https://registry.npmjs.org/@useweb/use-async/-/use-async-3.2.0.tgz",
      "integrity": "sha512-q+nqwJsh/FKBUMDBdwHCkGfbK5Iy86tj4pgsy7J0FZMDKGSU5EubBh00XpDSwT0FnUjfjIUDURYobgq6vFuF1A==",
      "dev": true
    },
    "@useweb/use-local-storage": {
      "version": "2.0.0",
      "resolved": "https://registry.npmjs.org/@useweb/use-local-storage/-/use-local-storage-2.0.0.tgz",
      "integrity": "sha512-LifhwTySMg6APXpvlJ3s0Z2WjXC9Xf4W+FJ7QYzQZYOzWurmBK50KtKhJcmMtkBwjHwY36yLml5fh4u24Q0lvw==",
      "dev": true
    },
    "swr": {
      "version": "1.3.0",
      "resolved": "https://registry.npmjs.org/swr/-/swr-1.3.0.tgz",
      "integrity": "sha512-dkghQrOl2ORX9HYrMDtPa7LTVHJjCTeZoB1dqTbnnEDlSvN8JEKpYIYurDfvbQFUUS8Cg8PceFVZNkW0KNNYPw==",
      "dev": true
    },
    "ts-toolbelt": {
      "version": "9.6.0",
      "resolved": "https://registry.npmjs.org/ts-toolbelt/-/ts-toolbelt-9.6.0.tgz",
      "integrity": "sha512-nsZd8ZeNUzukXPlJmTBwUAuABDe/9qtVDelJeT/qW0ow3ZS3BsQJtNkan1802aM9Uf68/Y8ljw86Hu0h5IUW3w==",
      "dev": true
    }
  }
}
