{
  "name": "@useweb/scroll-back-to-top-icon",
  "version": "1.0.0",
  "lockfileVersion": 1,
  "requires": true,
  "dependencies": {
    "@useweb/animate": {
      "version": "1.0.0",
      "resolved": "https://registry.npmjs.org/@useweb/animate/-/animate-1.0.0.tgz",
      "integrity": "sha512-IkSwjcIQXZua44f9W6j5f9UOHbEBX8tT9WN0Xe7g39CRM0bcFMbi8AoVuIConzsBAGW4UDc6yTNc18D9VK3myQ==",
      "dev": true
    },
    "@useweb/icon": {
      "version": "0.0.1",
      "resolved": "https://registry.npmjs.org/@useweb/icon/-/icon-0.0.1.tgz",
      "integrity": "sha512-p+3t5GUd6RBtmC+aAQF/KKDhWQR2/0ZYoE7sT46VRt4sZKxswkEe6rO6SyHB6LCIxUoV+M09iP82LcpIfd1j8g==",
      "dev": true
    }
  }
}
